dependencies:
- name: mysql
  repository: file://../mysql
  version: 9.0.1
- name: oai-nssf
  repository: file://../oai-nssf
  version: v2.1.0
- name: oai-nrf
  repository: file://../oai-nrf
  version: v2.1.0
- name: oai-udr
  repository: file://../oai-udr
  version: v2.1.0
- name: oai-udm
  repository: file://../oai-udm
  version: v2.1.0
- name: oai-ausf
  repository: file://../oai-ausf
  version: v2.1.0
- name: oai-amf
  repository: file://../oai-amf
  version: v2.1.0
- name: oai-smf
  repository: file://../oai-smf
  version: v2.1.0
- name: oai-upf
  repository: file://../oai-upf
  version: v2.1.0
- name: oai-lmf
  repository: file://../oai-lmf
  version: v2.1.0
- name: oai-traffic-server
  repository: file://../oai-traffic-server
  version: v1
digest: sha256:a7e0d2f8f057c5b20913c95bb4b4d9d254e43490186674dedd3323a9d5bb890a
generated: "2025-02-24T11:16:44.386008257+01:00"
